
Microsoft Visual Studio Solution File, Format Version 12.00
# Visual Studio Version 17
Project("{8BC9CEB8-8B4A-11D0-8D11-00A0C91BC942}") = "Project1", "Project1\Project1.vcxproj", "{0DB858A2-F984-B3AD-229E-A1550ECAE83B}"
EndProject
Project("{8BC9CEB8-8B4A-11D0-8D11-00A0C91BC942}") = "Project2", "Project2\Project2.vcxproj", "{0EB858A2-FA84-B3AD-239E-A1550FCAE83B}"
EndProject
Global
	GlobalSection(SolutionConfigurationPlatforms) = preSolution
		Debug|Win32 = Debug|Win32
		Distribution|Win32 = Distribution|Win32
		Release|Win32 = Release|Win32
	EndGlobalSection
	GlobalSection(ProjectConfigurationPlatforms) = postSolution
		{0DB858A2-F984-B3AD-229E-A1550ECAE83B}.Debug|Win32.ActiveCfg = Debug|Win32
		{0DB858A2-F984-B3AD-229E-A1550ECAE83B}.Debug|Win32.Build.0 = Debug|Win32
		{0DB858A2-F984-B3AD-229E-A1550ECAE83B}.Distribution|Win32.ActiveCfg = Distribution|Win32
		{0DB858A2-F984-B3AD-229E-A1550ECAE83B}.Distribution|Win32.Build.0 = Distribution|Win32
		{0DB858A2-F984-B3AD-229E-A1550ECAE83B}.Release|Win32.ActiveCfg = Release|Win32
		{0DB858A2-F984-B3AD-229E-A1550ECAE83B}.Release|Win32.Build.0 = Release|Win32
		{0EB858A2-FA84-B3AD-239E-A1550FCAE83B}.Debug|Win32.ActiveCfg = Debug|Win32
		{0EB858A2-FA84-B3AD-239E-A1550FCAE83B}.Debug|Win32.Build.0 = Debug|Win32
		{0EB858A2-FA84-B3AD-239E-A1550FCAE83B}.Distribution|Win32.ActiveCfg = Distribution|Win32
		{0EB858A2-FA84-B3AD-239E-A1550FCAE83B}.Distribution|Win32.Build.0 = Distribution|Win32
		{0EB858A2-FA84-B3AD-239E-A1550FCAE83B}.Release|Win32.ActiveCfg = Release|Win32
		{0EB858A2-FA84-B3AD-239E-A1550FCAE83B}.Release|Win32.Build.0 = Release|Win32
	EndGlobalSection
	GlobalSection(SolutionProperties) = preSolution
		HideSolutionNode = FALSE
	EndGlobalSection
EndGlobal
